
Microsoft Visual Studio Solution File, Format Version 12.00
# Visual Studio Version 17
VisualStudioVersion = 17.1.32210.238
MinimumVisualStudioVersion = 10.0.40219.1
Project("{FAE04EC0-301F-11D3-BF4B-00C04F79EFBC}") = "hotel-bellas-olas-api", "hotel-bellas-olas-api.csproj", "{8C36B527-326A-4EBB-8661-CC9438C85226}"
EndProject
Global
	GlobalSection(SolutionConfigurationPlatforms) = preSolution
		Debug|Any CPU = Debug|Any CPU
		Release|Any CPU = Release|Any CPU
	EndGlobalSection
	GlobalSection(ProjectConfigurationPlatforms) = postSolution
		{8C36B527-326A-4EBB-8661-CC9438C85226}.Debug|Any CPU.ActiveCfg = Debug|Any CPU
		{8C36B527-326A-4EBB-8661-CC9438C85226}.Debug|Any CPU.Build.0 = Debug|Any CPU
		{8C36B527-326A-4EBB-8661-CC9438C85226}.Release|Any CPU.ActiveCfg = Release|Any CPU
		{8C36B527-326A-4EBB-8661-CC9438C85226}.Release|Any CPU.Build.0 = Release|Any CPU
	EndGlobalSection
	GlobalSection(SolutionProperties) = preSolution
		HideSolutionNode = FALSE
	EndGlobalSection
	GlobalSection(ExtensibilityGlobals) = postSolution
		SolutionGuid = {948577DA-D54D-470F-8E3A-A9A2BA01B179}
	EndGlobalSection
EndGlobal
